
Microsoft Visual Studio Solution File, Format Version 12.00
# Visual Studio Version 16
VisualStudioVersion = 16.0.34407.143
MinimumVisualStudioVersion = 10.0.40219.1
Project("{FAE04EC0-301F-11D3-BF4B-00C04F79EFBC}") = "Tutor_Management_System", "Tutor_Management_System.csproj", "{3043EA2F-0D9E-44DA-A35E-3D01F84CBA93}"
EndProject
Global
	GlobalSection(SolutionConfigurationPlatforms) = preSolution
		Debug|Any CPU = Debug|Any CPU
		Release|Any CPU = Release|Any CPU
	EndGlobalSection
	GlobalSection(ProjectConfigurationPlatforms) = postSolution
		{3043EA2F-0D9E-44DA-A35E-3D01F84CBA93}.Debug|Any CPU.ActiveCfg = Debug|Any CPU
		{3043EA2F-0D9E-44DA-A35E-3D01F84CBA93}.Debug|Any CPU.Build.0 = Debug|Any CPU
		{3043EA2F-0D9E-44DA-A35E-3D01F84CBA93}.Release|Any CPU.ActiveCfg = Release|Any CPU
		{3043EA2F-0D9E-44DA-A35E-3D01F84CBA93}.Release|Any CPU.Build.0 = Release|Any CPU
	EndGlobalSection
	GlobalSection(SolutionProperties) = preSolution
		HideSolutionNode = FALSE
	EndGlobalSection
	GlobalSection(ExtensibilityGlobals) = postSolution
		SolutionGuid = {832C280B-931B-4FBC-A642-4A4657840616}
	EndGlobalSection
EndGlobal
